# This is a Gradle generated file for dependency locking.
# Manual edits can break the build and are not advised.
# This file is expected to be part of source control.
# To regenerate this file, run: ./gradlew :dependencies --write-locks
biz.aQute.bnd:biz.aQute.bnd.annotation:7.1.0=minecraft26_2CompileClasspath
com.destroystokyo.paper:paper-api:1.16.5-R0.1-SNAPSHOT=compileClasspath,testRuntimeClasspath
com.google.auto.service:auto-service-annotations:1.1.1=minecraft26_2CompileClasspath
com.google.code.findbugs:jsr305:1.3.9=compileClasspath,testRuntimeClasspath
com.google.code.gson:gson:2.14.0=minecraft26_2CompileClasspath
com.google.code.gson:gson:2.8.0=compileClasspath,testRuntimeClasspath
com.google.errorprone:error_prone_annotations:2.48.0=minecraft26_2CompileClasspath
com.google.guava:failureaccess:1.0.3=minecraft26_2CompileClasspath
com.google.guava:guava:21.0=compileClasspath,testRuntimeClasspath
com.google.guava:guava:33.6.0-jre=minecraft26_2CompileClasspath
com.google.guava:listenablefuture:9999.0-empty-to-avoid-conflict-with-guava=minecraft26_2CompileClasspath
com.google.j2objc:j2objc-annotations:3.1=minecraft26_2CompileClasspath
com.google.protobuf:protobuf-java:3.25.9=compileClasspath,minecraft26_2CompileClasspath,runtimeClasspath,testCompileClasspath,testRuntimeClasspath
com.googlecode.json-simple:json-simple:1.1.1=compileClasspath,testRuntimeClasspath
com.mojang:brigadier:1.3.10=minecraft26_2CompileClasspath
com.mysql:mysql-connector-j:8.4.0=compileClasspath,minecraft26_2CompileClasspath,runtimeClasspath,testCompileClasspath,testRuntimeClasspath
com.zaxxer:HikariCP:5.1.0=compileClasspath,minecraft26_2CompileClasspath,runtimeClasspath,testCompileClasspath,testRuntimeClasspath
commons-lang:commons-lang:2.6=compileClasspath,testRuntimeClasspath
io.papermc.paper:paper-api:26.2.build.112-stable=minecraft26_2CompileClasspath
it.unimi.dsi:fastutil:8.5.18=minecraft26_2CompileClasspath
javax.inject:javax.inject:1=minecraft26_2CompileClasspath
junit:junit:4.10=compileClasspath,testRuntimeClasspath
me.clip:placeholderapi:2.11.6=compileClasspath,minecraft26_2CompileClasspath
net.kyori:adventure-api:4.7.0=compileClasspath,testRuntimeClasspath
net.kyori:adventure-api:5.2.0=minecraft26_2CompileClasspath
net.kyori:adventure-bom:4.7.0=compileClasspath,testRuntimeClasspath
net.kyori:adventure-bom:5.2.0=minecraft26_2CompileClasspath
net.kyori:adventure-key:4.7.0=compileClasspath,testRuntimeClasspath
net.kyori:adventure-key:5.2.0=minecraft26_2CompileClasspath
net.kyori:adventure-text-logger-slf4j:5.2.0=minecraft26_2CompileClasspath
net.kyori:adventure-text-minimessage:5.2.0=minecraft26_2CompileClasspath
net.kyori:adventure-text-serializer-gson:4.7.0=compileClasspath,testRuntimeClasspath
net.kyori:adventure-text-serializer-gson:5.2.0=minecraft26_2CompileClasspath
net.kyori:adventure-text-serializer-json:5.2.0=minecraft26_2CompileClasspath
net.kyori:adventure-text-serializer-legacy:4.7.0=compileClasspath,testRuntimeClasspath
net.kyori:adventure-text-serializer-legacy:5.2.0=minecraft26_2CompileClasspath
net.kyori:adventure-text-serializer-plain:4.7.0=compileClasspath,testRuntimeClasspath
net.kyori:adventure-text-serializer-plain:5.2.0=minecraft26_2CompileClasspath
net.kyori:examination-api:1.1.0=compileClasspath,testRuntimeClasspath
net.kyori:examination-string:1.1.0=compileClasspath,testRuntimeClasspath
net.kyori:option:1.1.0=minecraft26_2CompileClasspath
net.md-5:bungeecord-chat:1.16-R0.4=compileClasspath,testRuntimeClasspath
net.md-5:bungeecord-chat:1.21-R0.2-deprecated+build.21=minecraft26_2CompileClasspath
org.apache.commons:commons-lang3:3.12.0=minecraft26_2CompileClasspath
org.apache.logging.log4j:log4j-api:2.26.0=minecraft26_2CompileClasspath
org.apache.maven.resolver:maven-resolver-api:1.9.18=minecraft26_2CompileClasspath
org.apache.maven.resolver:maven-resolver-impl:1.9.18=minecraft26_2CompileClasspath
org.apache.maven.resolver:maven-resolver-named-locks:1.9.18=minecraft26_2CompileClasspath
org.apache.maven.resolver:maven-resolver-spi:1.9.18=minecraft26_2CompileClasspath
org.apache.maven.resolver:maven-resolver-util:1.9.18=minecraft26_2CompileClasspath
org.apache.maven:maven-artifact:3.9.6=minecraft26_2CompileClasspath
org.apache.maven:maven-builder-support:3.9.6=minecraft26_2CompileClasspath
org.apache.maven:maven-model-builder:3.9.6=minecraft26_2CompileClasspath
org.apache.maven:maven-model:3.9.6=minecraft26_2CompileClasspath
org.apache.maven:maven-repository-metadata:3.9.6=minecraft26_2CompileClasspath
org.apache.maven:maven-resolver-provider:3.9.6=minecraft26_2CompileClasspath
org.apiguardian:apiguardian-api:1.1.2=testCompileClasspath
org.checkerframework:checker-qual:3.11.0=compileClasspath
org.checkerframework:checker-qual:3.49.2=minecraft26_2CompileClasspath
org.codehaus.plexus:plexus-interpolation:1.26=minecraft26_2CompileClasspath
org.codehaus.plexus:plexus-utils:3.5.1=minecraft26_2CompileClasspath
org.eclipse.sisu:org.eclipse.sisu.inject:0.9.0.M2=minecraft26_2CompileClasspath
org.hamcrest:hamcrest-core:1.1=compileClasspath,testRuntimeClasspath
org.jetbrains:annotations:23.0.0=compileClasspath
org.jetbrains:annotations:26.1.0=minecraft26_2CompileClasspath
org.joml:joml:1.10.8=minecraft26_2CompileClasspath
org.jspecify:jspecify:1.0.0=minecraft26_2CompileClasspath
org.junit.jupiter:junit-jupiter-api:5.14.4=testCompileClasspath,testRuntimeClasspath
org.junit.jupiter:junit-jupiter-engine:5.14.4=testRuntimeClasspath
org.junit.jupiter:junit-jupiter-params:5.14.4=testCompileClasspath,testRuntimeClasspath
org.junit.jupiter:junit-jupiter:5.14.4=testCompileClasspath,testRuntimeClasspath
org.junit.platform:junit-platform-commons:1.14.4=testCompileClasspath,testRuntimeClasspath
org.junit.platform:junit-platform-engine:1.14.4=testRuntimeClasspath
org.junit.platform:junit-platform-launcher:1.14.4=testRuntimeClasspath
org.junit:junit-bom:5.14.4=testCompileClasspath,testRuntimeClasspath
org.opentest4j:opentest4j:1.3.0=testCompileClasspath,testRuntimeClasspath
org.osgi:org.osgi.annotation.bundle:2.0.0=minecraft26_2CompileClasspath
org.osgi:org.osgi.annotation.versioning:1.1.2=minecraft26_2CompileClasspath
org.osgi:org.osgi.resource:1.0.0=minecraft26_2CompileClasspath
org.osgi:org.osgi.service.serviceloader:1.0.0=minecraft26_2CompileClasspath
org.ow2.asm:asm-analysis:9.0=compileClasspath,testRuntimeClasspath
org.ow2.asm:asm-commons:9.0=compileClasspath,testRuntimeClasspath
org.ow2.asm:asm-tree:9.0=compileClasspath,testRuntimeClasspath
org.ow2.asm:asm:9.0=compileClasspath,testRuntimeClasspath
org.slf4j:slf4j-api:1.7.36=compileClasspath,runtimeClasspath,testCompileClasspath,testRuntimeClasspath
org.slf4j:slf4j-api:2.0.17=minecraft26_2CompileClasspath
org.xerial:sqlite-jdbc:3.46.1.3=compileClasspath,minecraft26_2CompileClasspath,runtimeClasspath,testCompileClasspath,testRuntimeClasspath
org.yaml:snakeyaml:1.27=compileClasspath,testRuntimeClasspath
org.yaml:snakeyaml:2.2=minecraft26_2CompileClasspath
empty=annotationProcessor,shadow,testAnnotationProcessor
